
Microsoft Visual Studio Solution File, Format Version 12.00
# Visual Studio Version 17
VisualStudioVersion = 17.3.32929.385
MinimumVisualStudioVersion = 10.0.40219.1
Project("{FAE04EC0-301F-11D3-BF4B-00C04F79EFBC}") = "Tarneeb", "Tarneeb.csproj", "{06CFBB87-1976-418A-BCB9-355AD7F810FC}"
EndProject
Global
	GlobalSection(SolutionConfigurationPlatforms) = preSolution
		Debug|Any CPU = Debug|Any CPU
		Release|Any CPU = Release|Any CPU
	EndGlobalSection
	GlobalSection(ProjectConfigurationPlatforms) = postSolution
		{06CFBB87-1976-418A-BCB9-355AD7F810FC}.Debug|Any CPU.ActiveCfg = Debug|Any CPU
		{06CFBB87-1976-418A-BCB9-355AD7F810FC}.Debug|Any CPU.Build.0 = Debug|Any CPU
		{06CFBB87-1976-418A-BCB9-355AD7F810FC}.Release|Any CPU.ActiveCfg = Release|Any CPU
		{06CFBB87-1976-418A-BCB9-355AD7F810FC}.Release|Any CPU.Build.0 = Release|Any CPU
	EndGlobalSection
	GlobalSection(SolutionProperties) = preSolution
		HideSolutionNode = FALSE
	EndGlobalSection
	GlobalSection(ExtensibilityGlobals) = postSolution
		SolutionGuid = {65C2865B-7EDE-47A1-9521-D1B2A3C75FD3}
	EndGlobalSection
EndGlobal
